
Microsoft Visual Studio Solution File, Format Version 12.00
# Visual Studio 15
VisualStudioVersion = 15.0.27004.2005
MinimumVisualStudioVersion = 10.0.40219.1
Project("{FAE04EC0-301F-11D3-BF4B-00C04F79EFBC}") = "RHTools", "RHTools\RHTools.csproj", "{EB5EA009-61E7-4154-B5BA-9A978C635048}"
EndProject
Global
	GlobalSection(SolutionConfigurationPlatforms) = preSolution
		Debug|Any CPU = Debug|Any CPU
		Release|Any CPU = Release|Any CPU
	EndGlobalSection
	GlobalSection(ProjectConfigurationPlatforms) = postSolution
		{EB5EA009-61E7-4154-B5BA-9A978C635048}.Debug|Any CPU.ActiveCfg = Debug|Any CPU
		{EB5EA009-61E7-4154-B5BA-9A978C635048}.Debug|Any CPU.Build.0 = Debug|Any CPU
		{EB5EA009-61E7-4154-B5BA-9A978C635048}.Release|Any CPU.ActiveCfg = Release|Any CPU
		{EB5EA009-61E7-4154-B5BA-9A978C635048}.Release|Any CPU.Build.0 = Release|Any CPU
	EndGlobalSection
	GlobalSection(SolutionProperties) = preSolution
		HideSolutionNode = FALSE
	EndGlobalSection
	GlobalSection(ExtensibilityGlobals) = postSolution
		SolutionGuid = {D0DA8937-E3D7-43EF-92FF-CB878D6D7499}
	EndGlobalSection
EndGlobal
